
Microsoft Visual Studio Solution File, Format Version 12.00
# Blend for Visual Studio Version 16
VisualStudioVersion = 16.0.28803.452
MinimumVisualStudioVersion = 10.0.40219.1
Project("{FAE04EC0-301F-11D3-BF4B-00C04F79EFBC}") = "MUIConcept", "MUIConcept\MUIConcept.csproj", "{F773B2B0-0F9C-40E8-B967-5E112EE1880F}"
EndProject
Project("{FAE04EC0-301F-11D3-BF4B-00C04F79EFBC}") = "Concept1", "..\Concept\Concept1\Concept1.csproj", "{526333B0-2CA1-4412-817A-00AFDC383CC1}"
EndProject
Project("{FAE04EC0-301F-11D3-BF4B-00C04F79EFBC}") = "RpaShape", "RpaShape\RpaShape.csproj", "{1A3B40D0-3D16-4509-8C9C-D95B4262DCE0}"
EndProject
Global
	GlobalSection(SolutionConfigurationPlatforms) = preSolution
		Debug|Any CPU = Debug|Any CPU
		Release|Any CPU = Release|Any CPU
	EndGlobalSection
	GlobalSection(ProjectConfigurationPlatforms) = postSolution
		{F773B2B0-0F9C-40E8-B967-5E112EE1880F}.Debug|Any CPU.ActiveCfg = Debug|Any CPU
		{F773B2B0-0F9C-40E8-B967-5E112EE1880F}.Debug|Any CPU.Build.0 = Debug|Any CPU
		{F773B2B0-0F9C-40E8-B967-5E112EE1880F}.Release|Any CPU.ActiveCfg = Release|Any CPU
		{F773B2B0-0F9C-40E8-B967-5E112EE1880F}.Release|Any CPU.Build.0 = Release|Any CPU
		{526333B0-2CA1-4412-817A-00AFDC383CC1}.Debug|Any CPU.ActiveCfg = Debug|Any CPU
		{526333B0-2CA1-4412-817A-00AFDC383CC1}.Debug|Any CPU.Build.0 = Debug|Any CPU
		{526333B0-2CA1-4412-817A-00AFDC383CC1}.Release|Any CPU.ActiveCfg = Release|Any CPU
		{526333B0-2CA1-4412-817A-00AFDC383CC1}.Release|Any CPU.Build.0 = Release|Any CPU
		{1A3B40D0-3D16-4509-8C9C-D95B4262DCE0}.Debug|Any CPU.ActiveCfg = Debug|Any CPU
		{1A3B40D0-3D16-4509-8C9C-D95B4262DCE0}.Debug|Any CPU.Build.0 = Debug|Any CPU
		{1A3B40D0-3D16-4509-8C9C-D95B4262DCE0}.Release|Any CPU.ActiveCfg = Release|Any CPU
		{1A3B40D0-3D16-4509-8C9C-D95B4262DCE0}.Release|Any CPU.Build.0 = Release|Any CPU
	EndGlobalSection
	GlobalSection(SolutionProperties) = preSolution
		HideSolutionNode = FALSE
	EndGlobalSection
	GlobalSection(ExtensibilityGlobals) = postSolution
		SolutionGuid = {37C89AB2-A893-4F3A-914D-5AF816861E3A}
	EndGlobalSection
EndGlobal
